Microsoft Visual Studio Solution File, Format Version 12.00
# Visual Studio Version 17
VisualStudioVersion = 17.5.2.0
MinimumVisualStudioVersion = 10.0.40219.1
Project("{FAE04EC0-301F-11D3-BF4B-00C04F79EFBC}") = "CourtCaseTrackingSystem", "CourtCaseTrackingSystem.csproj", "{FE9F8EB2-FCC3-6F5F-008B-C7E8F1FE3E76}"
EndProject
Global
	GlobalSection(SolutionConfigurationPlatforms) = preSolution
		Debug|Any CPU = Debug|Any CPU
		Release|Any CPU = Release|Any CPU
	EndGlobalSection
	GlobalSection(ProjectConfigurationPlatforms) = postSolution
		{FE9F8EB2-FCC3-6F5F-008B-C7E8F1FE3E76}.Debug|Any CPU.ActiveCfg = Debug|Any CPU
		{FE9F8EB2-FCC3-6F5F-008B-C7E8F1FE3E76}.Debug|Any CPU.Build.0 = Debug|Any CPU
		{FE9F8EB2-FCC3-6F5F-008B-C7E8F1FE3E76}.Release|Any CPU.ActiveCfg = Release|Any CPU
		{FE9F8EB2-FCC3-6F5F-008B-C7E8F1FE3E76}.Release|Any CPU.Build.0 = Release|Any CPU
	EndGlobalSection
	GlobalSection(SolutionProperties) = preSolution
		HideSolutionNode = FALSE
	EndGlobalSection
	GlobalSection(ExtensibilityGlobals) = postSolution
		SolutionGuid = {7BE23495-690B-4AFD-A4A2-A024CCABF0D6}
	EndGlobalSection
EndGlobal
